
Microsoft Visual Studio Solution File, Format Version 12.00
# Visual Studio Version 16
VisualStudioVersion = 16.0.30517.126
MinimumVisualStudioVersion = 10.0.40219.1
Project("{FAE04EC0-301F-11D3-BF4B-00C04F79EFBC}") = "PermanentDrivingLicense", "PermanentDrivingLicense\PermanentDrivingLicense.csproj", "{EB82659D-DAD4-421B-8587-27DE4FE094E2}"
EndProject
Project("{FAE04EC0-301F-11D3-BF4B-00C04F79EFBC}") = "PositiveNegative", "PositiveNegative\PositiveNegative.csproj", "{236FA497-6AE4-4084-B85B-E5EDF1087599}"
EndProject
Project("{FAE04EC0-301F-11D3-BF4B-00C04F79EFBC}") = "PersonalityTest", "PersonalityTest\PersonalityTest.csproj", "{19841592-A852-4A01-BCE3-315732A0A827}"
EndProject
Global
	GlobalSection(SolutionConfigurationPlatforms) = preSolution
		Debug|Any CPU = Debug|Any CPU
		Release|Any CPU = Release|Any CPU
	EndGlobalSection
	GlobalSection(ProjectConfigurationPlatforms) = postSolution
		{EB82659D-DAD4-421B-8587-27DE4FE094E2}.Debug|Any CPU.ActiveCfg = Debug|Any CPU
		{EB82659D-DAD4-421B-8587-27DE4FE094E2}.Debug|Any CPU.Build.0 = Debug|Any CPU
		{EB82659D-DAD4-421B-8587-27DE4FE094E2}.Release|Any CPU.ActiveCfg = Release|Any CPU
		{EB82659D-DAD4-421B-8587-27DE4FE094E2}.Release|Any CPU.Build.0 = Release|Any CPU
		{236FA497-6AE4-4084-B85B-E5EDF1087599}.Debug|Any CPU.ActiveCfg = Debug|Any CPU
		{236FA497-6AE4-4084-B85B-E5EDF1087599}.Debug|Any CPU.Build.0 = Debug|Any CPU
		{236FA497-6AE4-4084-B85B-E5EDF1087599}.Release|Any CPU.ActiveCfg = Release|Any CPU
		{236FA497-6AE4-4084-B85B-E5EDF1087599}.Release|Any CPU.Build.0 = Release|Any CPU
		{19841592-A852-4A01-BCE3-315732A0A827}.Debug|Any CPU.ActiveCfg = Debug|Any CPU
		{19841592-A852-4A01-BCE3-315732A0A827}.Debug|Any CPU.Build.0 = Debug|Any CPU
		{19841592-A852-4A01-BCE3-315732A0A827}.Release|Any CPU.ActiveCfg = Release|Any CPU
		{19841592-A852-4A01-BCE3-315732A0A827}.Release|Any CPU.Build.0 = Release|Any CPU
	EndGlobalSection
	GlobalSection(SolutionProperties) = preSolution
		HideSolutionNode = FALSE
	EndGlobalSection
	GlobalSection(ExtensibilityGlobals) = postSolution
		SolutionGuid = {6222E737-8B8D-4B4A-B6BE-99F0611C3EAB}
	EndGlobalSection
EndGlobal
